
Microsoft Visual Studio Solution File, Format Version 12.00
# Visual Studio Version 17
VisualStudioVersion = 17.4.33205.214
MinimumVisualStudioVersion = 10.0.40219.1
Project("{FAE04EC0-301F-11D3-BF4B-00C04F79EFBC}") = "BaseballGame", "BaseballGame\BaseballGame.csproj", "{28D9C67B-754D-4B10-86C0-841F7DC32B59}"
EndProject
Global
	GlobalSection(SolutionConfigurationPlatforms) = preSolution
		Debug|Any CPU = Debug|Any CPU
		Release|Any CPU = Release|Any CPU
	EndGlobalSection
	GlobalSection(ProjectConfigurationPlatforms) = postSolution
		{28D9C67B-754D-4B10-86C0-841F7DC32B59}.Debug|Any CPU.ActiveCfg = Debug|Any CPU
		{28D9C67B-754D-4B10-86C0-841F7DC32B59}.Debug|Any CPU.Build.0 = Debug|Any CPU
		{28D9C67B-754D-4B10-86C0-841F7DC32B59}.Release|Any CPU.ActiveCfg = Release|Any CPU
		{28D9C67B-754D-4B10-86C0-841F7DC32B59}.Release|Any CPU.Build.0 = Release|Any CPU
	EndGlobalSection
	GlobalSection(SolutionProperties) = preSolution
		HideSolutionNode = FALSE
	EndGlobalSection
	GlobalSection(ExtensibilityGlobals) = postSolution
		SolutionGuid = {12F0670B-E8C5-4DFB-9678-82135753D9CA}
	EndGlobalSection
EndGlobal
